
Microsoft Visual Studio Solution File, Format Version 12.00
# Visual Studio Version 17
VisualStudioVersion = 17.14.36221.1 d17.14
MinimumVisualStudioVersion = 10.0.40219.1
Project("{FAE04EC0-301F-11D3-BF4B-00C04F79EFBC}") = "WaveFunctionCollapseTest", "WaveFunctionCollapseTest.csproj", "{5012AEC6-7035-45A8-9CFC-52C4D50A6BD0}"
EndProject
Global
	GlobalSection(SolutionConfigurationPlatforms) = preSolution
		Debug|Any CPU = Debug|Any CPU
		Release|Any CPU = Release|Any CPU
	EndGlobalSection
	GlobalSection(ProjectConfigurationPlatforms) = postSolution
		{5012AEC6-7035-45A8-9CFC-52C4D50A6BD0}.Debug|Any CPU.ActiveCfg = Debug|Any CPU
		{5012AEC6-7035-45A8-9CFC-52C4D50A6BD0}.Debug|Any CPU.Build.0 = Debug|Any CPU
		{5012AEC6-7035-45A8-9CFC-52C4D50A6BD0}.Release|Any CPU.ActiveCfg = Release|Any CPU
		{5012AEC6-7035-45A8-9CFC-52C4D50A6BD0}.Release|Any CPU.Build.0 = Release|Any CPU
	EndGlobalSection
	GlobalSection(SolutionProperties) = preSolution
		HideSolutionNode = FALSE
	EndGlobalSection
	GlobalSection(ExtensibilityGlobals) = postSolution
		SolutionGuid = {3320CD22-8088-4009-B0E6-54EC941390B7}
	EndGlobalSection
EndGlobal
